
Microsoft Visual Studio Solution File, Format Version 12.00
# Visual Studio Version 17
VisualStudioVersion = 17.0.31919.166
MinimumVisualStudioVersion = 10.0.40219.1
Project("{9A19103F-16F7-4668-BE54-9A1E7A4F7556}") = "DiscordBotTemplate", "DiscordBotTemplate\DiscordBotTemplate.csproj", "{7B4B025D-BB0D-488E-B589-0BA0436BD1E8}"
EndProject
Global
	GlobalSection(SolutionConfigurationPlatforms) = preSolution
		Debug|Any CPU = Debug|Any CPU
		Release|Any CPU = Release|Any CPU
	EndGlobalSection
	GlobalSection(ProjectConfigurationPlatforms) = postSolution
		{7B4B025D-BB0D-488E-B589-0BA0436BD1E8}.Debug|Any CPU.ActiveCfg = Debug|Any CPU
		{7B4B025D-BB0D-488E-B589-0BA0436BD1E8}.Debug|Any CPU.Build.0 = Debug|Any CPU
		{7B4B025D-BB0D-488E-B589-0BA0436BD1E8}.Release|Any CPU.ActiveCfg = Release|Any CPU
		{7B4B025D-BB0D-488E-B589-0BA0436BD1E8}.Release|Any CPU.Build.0 = Release|Any CPU
	EndGlobalSection
	GlobalSection(SolutionProperties) = preSolution
		HideSolutionNode = FALSE
	EndGlobalSection
	GlobalSection(ExtensibilityGlobals) = postSolution
		SolutionGuid = {515B7C61-F91D-48A7-A0C8-7BDF3EB398F6}
	EndGlobalSection
EndGlobal
